<?xml version="1.0" encoding="utf-8"?>
<Project ToolsVersion="4.0" xmlns="http://schemas.microsoft.com/developer/msbuild/2003">
  <ItemGroup>
    <Manifest Include="app.manifest" />
  </ItemGroup>
  <ItemGroup>
    <ClCompile Include="pch.cpp" />
    <ClCompile Include="source\main.cpp">
      <Filter>source</Filter>
    </ClCompile>
    <ClCompile Include="source\core\globals.cpp">
      <Filter>source\core</Filter>
    </ClCompile>
    <ClCompile Include="source\core\audio.cpp">
      <Filter>source\core</Filter>
    </ClCompile>
    <ClCompile Include="source\core\game_spec.cpp">
      <Filter>source\core</Filter>
    </ClCompile>
    <ClCompile Include="source\core\options.cpp">
      <Filter>source\core</Filter>
    </ClCompile>
    <ClCompile Include="source\core\render_targets.cpp">
      <Filter>source\core</Filter>
    </ClCompile>
    <ClCompile Include="source\ui\debug_page.xaml.cpp">
      <Filter>source\ui</Filter>
    </ClCompile>
    <ClCompile Include="source\ui\title_page.xaml.cpp">
      <Filter>source\ui</Filter>
    </ClCompile>
    <ClCompile Include="source\states\debug_state.cpp">
      <Filter>source\states</Filter>
    </ClCompile>
    <ClCompile Include="source\states\title_state.cpp">
      <Filter>source\states</Filter>
    </ClCompile>
    <ClCompile Include="source\states\transition_state.cpp">
      <Filter>source\states</Filter>
    </ClCompile>
    <ClCompile Include="source\states\app_state.cpp">
      <Filter>source\states</Filter>
    </ClCompile>
    <ClCompile Include="source\level\entities.cpp">
      <Filter>source\level</Filter>
    </ClCompile>
    <ClCompile Include="source\level\collision.cpp">
      <Filter>source\level</Filter>
    </ClCompile>
    <ClCompile Include="source\level\level.cpp">
      <Filter>source\level</Filter>
    </ClCompile>
    <ClCompile Include="source\ui\particle_lab_page.xaml.cpp">
      <Filter>source\ui</Filter>
    </ClCompile>
    <ClCompile Include="source\states\particle_lab_state.cpp">
      <Filter>source\states</Filter>
    </ClCompile>
    <ClCompile Include="source\states\ui_view_state.cpp">
      <Filter>source\states</Filter>
    </ClCompile>
    <ClCompile Include="source\assets\controls.res.cpp">
      <Filter>source\assets</Filter>
    </ClCompile>
    <ClCompile Include="source\assets\electrode.res.cpp">
      <Filter>source\assets</Filter>
    </ClCompile>
    <ClCompile Include="source\assets\game_spec.res.cpp">
      <Filter>source\assets</Filter>
    </ClCompile>
    <ClCompile Include="source\assets\graphics.res.cpp">
      <Filter>source\assets</Filter>
    </ClCompile>
    <ClCompile Include="source\assets\particles.res.cpp">
      <Filter>source\assets</Filter>
    </ClCompile>
    <ClCompile Include="source\assets\player.res.cpp">
      <Filter>source\assets</Filter>
    </ClCompile>
    <ClCompile Include="source\assets\sprites.res.cpp">
      <Filter>source\assets</Filter>
    </ClCompile>
    <ClCompile Include="source\assets\xaml.res.cpp">
      <Filter>source\assets</Filter>
    </ClCompile>
    <ClCompile Include="source\game\game_over_state.cpp">
      <Filter>source\game</Filter>
    </ClCompile>
    <ClCompile Include="source\game\game_state.cpp">
      <Filter>source\game</Filter>
    </ClCompile>
    <ClCompile Include="source\game\high_score_state.cpp">
      <Filter>source\game</Filter>
    </ClCompile>
    <ClCompile Include="source\game\ready_state.cpp">
      <Filter>source\game</Filter>
    </ClCompile>
    <ClCompile Include="source\game\score_state.cpp">
      <Filter>source\game</Filter>
    </ClCompile>
    <ClCompile Include="source\assets\bonus.res.cpp">
      <Filter>source\assets</Filter>
    </ClCompile>
    <ClCompile Include="source\core\particles.cpp">
      <Filter>source\core</Filter>
    </ClCompile>
    <ClCompile Include="source\level\level_render.cpp">
      <Filter>source\level</Filter>
    </ClCompile>
    <ClCompile Include="source\level\level_logic.cpp">
      <Filter>source\level</Filter>
    </ClCompile>
    <ClCompile Include="source\level\level_collision_logic.cpp">
      <Filter>source\level</Filter>
    </ClCompile>
    <ClCompile Include="source\level\entity_util.cpp">
      <Filter>source\level</Filter>
    </ClCompile>
  </ItemGroup>
  <ItemGroup>
    <ClInclude Include="pch.h" />
    <ClInclude Include="source\core\globals.h">
      <Filter>source\core</Filter>
    </ClInclude>
    <ClInclude Include="source\core\app_service.h">
      <Filter>source\core</Filter>
    </ClInclude>
    <ClInclude Include="source\core\audio.h">
      <Filter>source\core</Filter>
    </ClInclude>
    <ClInclude Include="source\core\game_service.h">
      <Filter>source\core</Filter>
    </ClInclude>
    <ClInclude Include="source\core\game_spec.h">
      <Filter>source\core</Filter>
    </ClInclude>
    <ClInclude Include="source\core\options.h">
      <Filter>source\core</Filter>
    </ClInclude>
    <ClInclude Include="source\core\render_targets.h">
      <Filter>source\core</Filter>
    </ClInclude>
    <ClInclude Include="source\ui\debug_page.xaml.h">
      <Filter>source\ui</Filter>
    </ClInclude>
    <ClInclude Include="source\ui\title_page.xaml.h">
      <Filter>source\ui</Filter>
    </ClInclude>
    <ClInclude Include="source\states\debug_state.h">
      <Filter>source\states</Filter>
    </ClInclude>
    <ClInclude Include="source\states\title_state.h">
      <Filter>source\states</Filter>
    </ClInclude>
    <ClInclude Include="source\states\transition_state.h">
      <Filter>source\states</Filter>
    </ClInclude>
    <ClInclude Include="source\states\app_state.h">
      <Filter>source\states</Filter>
    </ClInclude>
    <ClInclude Include="source\level\entities.h">
      <Filter>source\level</Filter>
    </ClInclude>
    <ClInclude Include="source\level\collision.h">
      <Filter>source\level</Filter>
    </ClInclude>
    <ClInclude Include="source\level\level.h">
      <Filter>source\level</Filter>
    </ClInclude>
    <ClInclude Include="source\ui\particle_lab_page.xaml.h">
      <Filter>source\ui</Filter>
    </ClInclude>
    <ClInclude Include="source\states\particle_lab_state.h">
      <Filter>source\states</Filter>
    </ClInclude>
    <ClInclude Include="source\states\ui_view_state.h">
      <Filter>source\states</Filter>
    </ClInclude>
    <ClInclude Include="source\game\game_over_state.h">
      <Filter>source\game</Filter>
    </ClInclude>
    <ClInclude Include="source\game\game_state.h">
      <Filter>source\game</Filter>
    </ClInclude>
    <ClInclude Include="source\game\high_score_state.h">
      <Filter>source\game</Filter>
    </ClInclude>
    <ClInclude Include="source\game\ready_state.h">
      <Filter>source\game</Filter>
    </ClInclude>
    <ClInclude Include="source\game\score_state.h">
      <Filter>source\game</Filter>
    </ClInclude>
    <ClInclude Include="source\core\level_base.h">
      <Filter>source\core</Filter>
    </ClInclude>
    <ClInclude Include="source\core\particles.h">
      <Filter>source\core</Filter>
    </ClInclude>
    <ClInclude Include="source\level\components.h">
      <Filter>source\level</Filter>
    </ClInclude>
    <ClInclude Include="source\level\level_render.h">
      <Filter>source\level</Filter>
    </ClInclude>
    <ClInclude Include="source\level\level_logic.h">
      <Filter>source\level</Filter>
    </ClInclude>
    <ClInclude Include="source\level\level_collision_logic.h">
      <Filter>source\level</Filter>
    </ClInclude>
    <ClInclude Include="source\level\entity_type.h">
      <Filter>source\level</Filter>
    </ClInclude>
    <ClInclude Include="source\level\entity_util.h">
      <Filter>source\level</Filter>
    </ClInclude>
  </ItemGroup>
  <ItemGroup>
    <Filter Include="assets">
      <UniqueIdentifier>{0cf85fa9-8ec7-4908-8682-fedf6ba5cea7}</UniqueIdentifier>
    </Filter>
    <Filter Include="source">
      <UniqueIdentifier>{c116989b-3ea1-43f8-8708-731ee75f9fe3}</UniqueIdentifier>
    </Filter>
    <Filter Include="source\core">
      <UniqueIdentifier>{f744ad21-f492-464d-9893-942d9d01054a}</UniqueIdentifier>
    </Filter>
    <Filter Include="source\states">
      <UniqueIdentifier>{e228636f-0e95-4485-a9e9-8310c57784ad}</UniqueIdentifier>
    </Filter>
    <Filter Include="source\ui">
      <UniqueIdentifier>{161f7313-5b4a-4f20-8454-4361a65cf2b5}</UniqueIdentifier>
    </Filter>
    <Filter Include="source\level">
      <UniqueIdentifier>{4ccfe908-fd8d-4346-8487-57b266bc6a62}</UniqueIdentifier>
    </Filter>
    <Filter Include="assets\levels">
      <UniqueIdentifier>{bab9ac1f-78f9-46e9-ad86-c7d73f8729cd}</UniqueIdentifier>
    </Filter>
    <Filter Include="source\assets">
      <UniqueIdentifier>{e5ff3d30-f7b2-47a2-a482-b082dbc0e12c}</UniqueIdentifier>
    </Filter>
    <Filter Include="source\game">
      <UniqueIdentifier>{3172adb8-c585-4cec-be07-fa096cdb3f8d}</UniqueIdentifier>
    </Filter>
  </ItemGroup>
  <ItemGroup>
    <ResourceCompile Include="source\resource.rc">
      <Filter>source</Filter>
    </ResourceCompile>
  </ItemGroup>
  <ItemGroup>
    <ResJson Include="assets\graphics.res.json">
      <Filter>assets</Filter>
    </ResJson>
    <ResJson Include="assets\controls.res.json">
      <Filter>assets</Filter>
    </ResJson>
    <ResJson Include="assets\xaml.res.json">
      <Filter>assets</Filter>
    </ResJson>
    <ResJson Include="assets\game_spec.res.json">
      <Filter>assets</Filter>
    </ResJson>
    <ResJson Include="assets\player.res.json">
      <Filter>assets</Filter>
    </ResJson>
    <ResJson Include="assets\particles.res.json">
      <Filter>assets</Filter>
    </ResJson>
    <ResJson Include="assets\sprites.res.json">
      <Filter>assets</Filter>
    </ResJson>
    <ResJson Include="assets\electrode.res.json">
      <Filter>assets</Filter>
    </ResJson>
    <ResJson Include="assets\bonus.res.json">
      <Filter>assets</Filter>
    </ResJson>
  </ItemGroup>
  <ItemGroup>
    <None Include="assets\levels\level_001.json">
      <Filter>assets\levels</Filter>
    </None>
  </ItemGroup>
</Project>